
Microsoft Visual Studio Solution File, Format Version 12.00
# Visual Studio 15
VisualStudioVersion = 15.0.27130.2024
MinimumVisualStudioVersion = 10.0.40219.1
Project("{FAE04EC0-301F-11D3-BF4B-00C04F79EFBC}") = "EchoBot1", "EchoBot1\EchoBot1.csproj", "{6BC06074-6EA0-42A1-AC7C-40F50B222F41}"
EndProject
Global
	GlobalSection(SolutionConfigurationPlatforms) = preSolution
		Debug|Any CPU = Debug|Any CPU
		Release|Any CPU = Release|Any CPU
	EndGlobalSection
	GlobalSection(ProjectConfigurationPlatforms) = postSolution
		{6BC06074-6EA0-42A1-AC7C-40F50B222F41}.Debug|Any CPU.ActiveCfg = Debug|Any CPU
		{6BC06074-6EA0-42A1-AC7C-40F50B222F41}.Debug|Any CPU.Build.0 = Debug|Any CPU
		{6BC06074-6EA0-42A1-AC7C-40F50B222F41}.Release|Any CPU.ActiveCfg = Release|Any CPU
		{6BC06074-6EA0-42A1-AC7C-40F50B222F41}.Release|Any CPU.Build.0 = Release|Any CPU
	EndGlobalSection
	GlobalSection(SolutionProperties) = preSolution
		HideSolutionNode = FALSE
	EndGlobalSection
	GlobalSection(ExtensibilityGlobals) = postSolution
		SolutionGuid = {4F05951B-0170-45B0-96A3-D746E55B38C1}
	EndGlobalSection
EndGlobal
